
Microsoft Visual Studio Solution File, Format Version 12.00
# Visual Studio Version 17
VisualStudioVersion = 17.8.34601.278
MinimumVisualStudioVersion = 10.0.40219.1
Project("{9A19103F-16F7-4668-BE54-9A1E7A4F7556}") = "ConsoleApp1", "ConsoleApp1.csproj", "{ACE1FC5B-CC06-45F2-8064-EBB603EECE71}"
EndProject
Project("{9A19103F-16F7-4668-BE54-9A1E7A4F7556}") = "CountNumbers", "CountNumbers\CountNumbers.csproj", "{C5C4E26A-35C6-4CDF-99E3-B4D558910A25}"
EndProject
Project("{9A19103F-16F7-4668-BE54-9A1E7A4F7556}") = "CountNumbers.Tests", "CountNumbers.Tests\CountNumbers.Tests.csproj", "{E7C3E367-E768-4199-9430-19591FFD3D41}"
EndProject
Global
	GlobalSection(SolutionConfigurationPlatforms) = preSolution
		Debug|Any CPU = Debug|Any CPU
		Release|Any CPU = Release|Any CPU
	EndGlobalSection
	GlobalSection(ProjectConfigurationPlatforms) = postSolution
		{ACE1FC5B-CC06-45F2-8064-EBB603EECE71}.Debug|Any CPU.ActiveCfg = Debug|Any CPU
		{ACE1FC5B-CC06-45F2-8064-EBB603EECE71}.Debug|Any CPU.Build.0 = Debug|Any CPU
		{ACE1FC5B-CC06-45F2-8064-EBB603EECE71}.Release|Any CPU.ActiveCfg = Release|Any CPU
		{ACE1FC5B-CC06-45F2-8064-EBB603EECE71}.Release|Any CPU.Build.0 = Release|Any CPU
		{C5C4E26A-35C6-4CDF-99E3-B4D558910A25}.Debug|Any CPU.ActiveCfg = Debug|Any CPU
		{C5C4E26A-35C6-4CDF-99E3-B4D558910A25}.Debug|Any CPU.Build.0 = Debug|Any CPU
		{C5C4E26A-35C6-4CDF-99E3-B4D558910A25}.Release|Any CPU.ActiveCfg = Release|Any CPU
		{C5C4E26A-35C6-4CDF-99E3-B4D558910A25}.Release|Any CPU.Build.0 = Release|Any CPU
		{E7C3E367-E768-4199-9430-19591FFD3D41}.Debug|Any CPU.ActiveCfg = Debug|Any CPU
		{E7C3E367-E768-4199-9430-19591FFD3D41}.Debug|Any CPU.Build.0 = Debug|Any CPU
		{E7C3E367-E768-4199-9430-19591FFD3D41}.Release|Any CPU.ActiveCfg = Release|Any CPU
		{E7C3E367-E768-4199-9430-19591FFD3D41}.Release|Any CPU.Build.0 = Release|Any CPU
	EndGlobalSection
	GlobalSection(SolutionProperties) = preSolution
		HideSolutionNode = FALSE
	EndGlobalSection
	GlobalSection(ExtensibilityGlobals) = postSolution
		SolutionGuid = {B1C26E13-9842-405C-AFDC-B1CC379778AC}
	EndGlobalSection
EndGlobal
